
Microsoft Visual Studio Solution File, Format Version 12.00
# Visual Studio Version 17
VisualStudioVersion = 17.14.36811.4 d17.14
MinimumVisualStudioVersion = 10.0.40219.1
Project("{FAE04EC0-301F-11D3-BF4B-00C04F79EFBC}") = "Library_System", "Library_System\Library_System.csproj", "{13E13951-7C47-4CA3-BF1E-6E0C846A43F5}"
EndProject
Project("{FAE04EC0-301F-11D3-BF4B-00C04F79EFBC}") = "ConsoleTheme", "ConsoleTheme\ConsoleTheme.csproj", "{BE5C2CBA-1E4C-47A4-8E3E-506F5487B6B9}"
EndProject
Global
	GlobalSection(SolutionConfigurationPlatforms) = preSolution
		Debug|Any CPU = Debug|Any CPU
		Release|Any CPU = Release|Any CPU
	EndGlobalSection
	GlobalSection(ProjectConfigurationPlatforms) = postSolution
		{13E13951-7C47-4CA3-BF1E-6E0C846A43F5}.Debug|Any CPU.ActiveCfg = Debug|Any CPU
		{13E13951-7C47-4CA3-BF1E-6E0C846A43F5}.Debug|Any CPU.Build.0 = Debug|Any CPU
		{13E13951-7C47-4CA3-BF1E-6E0C846A43F5}.Release|Any CPU.ActiveCfg = Release|Any CPU
		{13E13951-7C47-4CA3-BF1E-6E0C846A43F5}.Release|Any CPU.Build.0 = Release|Any CPU
		{BE5C2CBA-1E4C-47A4-8E3E-506F5487B6B9}.Debug|Any CPU.ActiveCfg = Debug|Any CPU
		{BE5C2CBA-1E4C-47A4-8E3E-506F5487B6B9}.Debug|Any CPU.Build.0 = Debug|Any CPU
		{BE5C2CBA-1E4C-47A4-8E3E-506F5487B6B9}.Release|Any CPU.ActiveCfg = Release|Any CPU
		{BE5C2CBA-1E4C-47A4-8E3E-506F5487B6B9}.Release|Any CPU.Build.0 = Release|Any CPU
	EndGlobalSection
	GlobalSection(SolutionProperties) = preSolution
		HideSolutionNode = FALSE
	EndGlobalSection
	GlobalSection(ExtensibilityGlobals) = postSolution
		SolutionGuid = {FAFCDD8C-9098-4E7F-A39F-F6939347BD7B}
	EndGlobalSection
EndGlobal
